// !$*UTF8*$!
{
	archiveVersion = 1;
	classes = {
	};
	objectVersion = 46;
	objects = {

/* Begin PBXBuildFile section */
		D0051F6B1C70DF2400B71705 /* AppDelegate.swift in Sources */ = {isa = PBXBuildFile; fileRef = D0051F6A1C70DF2400B71705 /* AppDelegate.swift */; };
		D0051F6D1C70DF2400B71705 /* ViewController.swift in Sources */ = {isa = PBXBuildFile; fileRef = D0051F6C1C70DF2400B71705 /* ViewController.swift */; };
		D0051F701C70DF2400B71705 /* Main.storyboard in Resources */ = {isa = PBXBuildFile; fileRef = D0051F6E1C70DF2400B71705 /* Main.storyboard */; };
		D0051F721C70DF2400B71705 /* Assets.xcassets in Resources */ = {isa = PBXBuildFile; fileRef = D0051F711C70DF2400B71705 /* Assets.xcassets */; };
		D0051F751C70DF2400B71705 /* LaunchScreen.storyboard in Resources */ = {isa = PBXBuildFile; fileRef = D0051F731C70DF2400B71705 /* LaunchScreen.storyboard */; };
/* End PBXBuildFile section */

/* Begin PBXFileReference section */
		D0051F671C70DF2400B71705 /* BeerBox.app */ = {isa = PBXFileReference; explicitFileType = wrapper.application; includeInIndex = 0; path = BeerBox.app; sourceTree = BUILT_PRODUCTS_DIR; };
		D0051F6A1C70DF2400B71705 /* AppDelegate.swift */ = {isa = PBXFileReference; lastKnownFileType = sourcecode.swift; path = AppDelegate.swift; sourceTree = "<group>"; };
		D0051F6C1C70DF2400B71705 /* ViewController.swift */ = {isa = PBXFileReference; lastKnownFileType = sourcecode.swift; path = ViewController.swift; sourceTree = "<group>"; };
		D0051F6F1C70DF2400B71705 /* Base */ = {isa = PBXFileReference; lastKnownFileType = file.storyboard; name = Base; path = Base.lproj/Main.storyboard; sourceTree = "<group>"; };
		D0051F711C70DF2400B71705 /* Assets.xcassets */ = {isa = PBXFileReference; lastKnownFileType = folder.assetcatalog; path = Assets.xcassets; sourceTree = "<group>"; };
		D0051F741C70DF2400B71705 /* Base */ = {isa = PBXFileReference; lastKnownFileType = file.storyboard; name = Base; path = Base.lproj/LaunchScreen.storyboard; sourceTree = "<group>"; };
		D0051F761C70DF2400B71705 /* Info.plist */ = {isa = PBXFileReference; lastKnownFileType = text.plist.xml; path = Info.plist; sourceTree = "<group>"; };
/* End PBXFileReference section */

/* Begin PBXFrameworksBuildPhase section */
		D0051F641C70DF2400B71705 /* Frameworks */ = {
			isa = PBXFrameworksBuildPhase;
			buildActionMask = 2147483647;
			files = (
			);
			runOnlyForDeploymentPostprocessing = 0;
		};
/* End PBXFrameworksBuildPhase section */

/* Begin PBXGroup section */
		D0051F5E1C70DF2400B71705 = {
			isa = PBXGroup;
			children = (
				D0051F691C70DF2400B71705 /* BeerBox */,
				D0051F681C70DF2400B71705 /* Products */,
			);
			sourceTree = "<group>";
		};
		D0051F681C70DF2400B71705 /* Products */ = {
			isa = PBXGroup;
			children = (
				D0051F671C70DF2400B71705 /* BeerBox.app */,
			);
			name = Products;
			sourceTree = "<group>";
		};
		D0051F691C70DF2400B71705 /* BeerBox */ = {
			isa = PBXGroup;
			children = (
				D0051F6A1C70DF2400B71705 /* AppDelegate.swift */,
				D0051F6C1C70DF2400B71705 /* ViewController.swift */,
				D0051F6E1C70DF2400B71705 /* Main.storyboard */,
				D0051F711C70DF2400B71705 /* Assets.xcassets */,
				D0051F731C70DF2400B71705 /* LaunchScreen.storyboard */,
				D0051F761C70DF2400B71705 /* Info.plist */,
			);
			path = BeerBox;
			sourceTree = "<group>";
		};
/* End PBXGroup section */

/* Begin PBXNativeTarget section */
		D0051F661C70DF2400B71705 /* BeerBox */ = {
			isa = PBXNativeTarget;
			buildConfigurationList = D0051F791C70DF2400B71705 /* Build configuration list for PBXNativeTarget "BeerBox" */;
			buildPhases = (
				D0051F631C70DF2400B71705 /* Sources */,
				D0051F641C70DF2400B71705 /* Frameworks */,
				D0051F651C70DF2400B71705 /* Resources */,
			);
			buildRules = (
			);
			dependencies = (
			);
			name = BeerBox;
			productName = BeerBox;
			productReference = D0051F671C70DF2400B71705 /* BeerBox.app */;
			productType = "com.apple.product-type.application";
		};
/* End PBXNativeTarget section */

/* Begin PBXProject section */
		D0051F5F1C70DF2400B71705 /* Project object */ = {
			isa = PBXProject;
			attributes = {
				LastSwiftUpdateCheck = 0720;
				LastUpgradeCheck = 0720;
				ORGANIZATIONNAME = zefender;
				TargetAttributes = {
					D0051F661C70DF2400B71705 = {
						CreatedOnToolsVersion = 7.2;
					};
				};
			};
			buildConfigurationList = D0051F621C70DF2400B71705 /* Build configuration list for PBXProject "BeerBox" */;
			compatibilityVersion = "Xcode 3.2";
			developmentRegion = English;
			hasScannedForEncodings = 0;
			knownRegions = (
				en,
				Base,
			);
			mainGroup = D0051F5E1C70DF2400B71705;
			productRefGroup = D0051F681C70DF2400B71705 /* Products */;
			projectDirPath = "";
			projectRoot = "";
			targets = (
				D0051F661C70DF2400B71705 /* BeerBox */,
			);
		};
/* End PBXProject section */

/* Begin PBXResourcesBuildPhase section */
		D0051F651C70DF2400B71705 /* Resources */ = {
			isa = PBXResourcesBuildPhase;
			buildActionMask = 2147483647;
			files = (
				D0051F751C70DF2400B71705 /* LaunchScreen.storyboard in Resources */,
				D0051F721C70DF2400B71705 /* Assets.xcassets in Resources */,
				D0051F701C70DF2400B71705 /* Main.storyboard in Resources */,
			);
			runOnlyForDeploymentPostprocessing = 0;
		};
/* End PBXResourcesBuildPhase section */

/* Begin PBXSourcesBuildPhase section */
		D0051F631C70DF2400B71705 /* Sources */ = {
			isa = PBXSourcesBuildPhase;
			buildActionMask = 2147483647;
			files = (
				D0051F6D1C70DF2400B71705 /* ViewController.swift in Sources */,
				D0051F6B1C70DF2400B71705 /* AppDelegate.swift in Sources */,
			);
			runOnlyForDeploymentPostprocessing = 0;
		};
/* End PBXSourcesBuildPhase section */

/* Begin PBXVariantGroup section */
		D0051F6E1C70DF2400B71705 /* Main.storyboard */ = {
			isa = PBXVariantGroup;
			children = (
				D0051F6F1C70DF2400B71705 /* Base */,
			);
			name = Main.storyboard;
			sourceTree = "<group>";
		};
		D0051F731C70DF2400B71705 /* LaunchScreen.storyboard */ = {
			isa = PBXVariantGroup;
			children = (
				D0051F741C70DF2400B71705 /* Base */,
			);
			name = LaunchScreen.storyboard;
			sourceTree = "<group>";
		};
/* End PBXVariantGroup section */

/* Begin XCBuildConfiguration section */
		D0051F771C70DF2400B71705 /* Debug */ = {
			isa = XCBuildConfiguration;
			buildSettings = {
				ALWAYS_SEARCH_USER_PATHS = NO;
				CLANG_CXX_LANGUAGE_STANDARD = "gnu++0x";
				CLANG_CXX_LIBRARY = "libc++";
				CLANG_ENABLE_MODULES = YES;
				CLANG_ENABLE_OBJC_ARC = YES;
				CLANG_WARN_BOOL_CONVERSION = YES;
				CLANG_WARN_CONSTANT_CONVERSION = YES;
				CLANG_WARN_DIRECT_OBJC_ISA_USAGE = YES_ERROR;
				CLANG_WARN_EMPTY_BODY = YES;
				CLANG_WARN_ENUM_CONVERSION = YES;
				CLANG_WARN_INT_CONVERSION = YES;
				CLANG_WARN_OBJC_ROOT_CLASS = YES_ERROR;
				CLANG_WARN_UNREACHABLE_CODE = YES;
				CLANG_WARN__DUPLICATE_METHOD_MATCH = YES;
				"CODE_SIGN_IDENTITY[sdk=iphoneos*]" = "iPhone Developer";
				COPY_PHASE_STRIP = NO;
				DEBUG_INFORMATION_FORMAT = dwarf;
				ENABLE_STRICT_OBJC_MSGSEND = YES;
				ENABLE_TESTABILITY = YES;
				GCC_C_LANGUAGE_STANDARD = gnu99;
				GCC_DYNAMIC_NO_PIC = NO;
				GCC_NO_COMMON_BLOCKS = YES;
				GCC_OPTIMIZATION_LEVEL = 0;
				GCC_PREPROCESSOR_DEFINITIONS = (
					"DEBUG=1",
					"$(inherited)",
				);
				GCC_WARN_64_TO_32_BIT_CONVERSION = YES;
				GCC_WARN_ABOUT_RETURN_TYPE = YES_ERROR;
				GCC_WARN_UNDECLARED_SELECTOR = YES;
				GCC_WARN_UNINITIALIZED_AUTOS = YES_AGGRESSIVE;
				GCC_WARN_UNUSED_FUNCTION = YES;
				GCC_WARN_UNUSED_VARIABLE = YES;
				IPHONEOS_DEPLOYMENT_TARGET = 9.2;
				MTL_ENABLE_DEBUG_INFO = YES;
				ONLY_ACTIVE_ARCH = YES;
				SDKROOT = iphoneos;
				SWIFT_OPTIMIZATION_LEVEL = "-Onone";
			};
			name = Debug;
		};
		D0051F781C70DF2400B71705 /* Release */ = {
			isa = XCBuildConfiguration;
			buildSettings = {
				ALWAYS_SEARCH_USER_PATHS = NO;
				CLANG_CXX_LANGUAGE_STANDARD = "gnu++0x";
				CLANG_CXX_LIBRARY = "libc++";
				CLANG_ENABLE_MODULES = YES;
				CLANG_ENABLE_OBJC_ARC = YES;
				CLANG_WARN_BOOL_CONVERSION = YES;
				CLANG_WARN_CONSTANT_CONVERSION = YES;
				CLANG_WARN_DIRECT_OBJC_ISA_USAGE = YES_ERROR;
				CLANG_WARN_EMPTY_BODY = YES;
				CLANG_WARN_ENUM_CONVERSION = YES;
				CLANG_WARN_INT_CONVERSION = YES;
				CLANG_WARN_OBJC_ROOT_CLASS = YES_ERROR;
				CLANG_WARN_UNREACHABLE_CODE = YES;
				CLANG_WARN__DUPLICATE_METHOD_MATCH = YES;
				"CODE_SIGN_IDENTITY[sdk=iphoneos*]" = "iPhone Developer";
				COPY_PHASE_STRIP = NO;
				DEBUG_INFORMATION_FORMAT = "dwarf-with-dsym";
				ENABLE_NS_ASSERTIONS = NO;
				ENABLE_STRICT_OBJC_MSGSEND = YES;
				GCC_C_LANGUAGE_STANDARD = gnu99;
				GCC_NO_COMMON_BLOCKS = YES;
				GCC_WARN_64_TO_32_BIT_CONVERSION = YES;
				GCC_WARN_ABOUT_RETURN_TYPE = YES_ERROR;
				GCC_WARN_UNDECLARED_SELECTOR = YES;
				GCC_WARN_UNINITIALIZED_AUTOS = YES_AGGRESSIVE;
				GCC_WARN_UNUSED_FUNCTION = YES;
				GCC_WARN_UNUSED_VARIABLE = YES;
				IPHONEOS_DEPLOYMENT_TARGET = 9.2;
				MTL_ENABLE_DEBUG_INFO = NO;
				SDKROOT = iphoneos;
				VALIDATE_PRODUCT = YES;
			};
			name = Release;
		};
		D0051F7A1C70DF2400B71705 /* Debug */ = {
			isa = XCBuildConfiguration;
			buildSettings = {
				ASSETCATALOG_COMPILER_APPICON_NAME = AppIcon;
				INFOPLIST_FILE = BeerBox/Info.plist;
				LD_RUNPATH_SEARCH_PATHS = "$(inherited) @executable_path/Frameworks";
				PRODUCT_BUNDLE_IDENTIFIER = com.zefender.BeerBox;
				PRODUCT_NAME = "$(TARGET_NAME)";
			};
			name = Debug;
		};
		D0051F7B1C70DF2400B71705 /* Release */ = {
			isa = XCBuildConfiguration;
			buildSettings = {
				ASSETCATALOG_COMPILER_APPICON_NAME = AppIcon;
				INFOPLIST_FILE = BeerBox/Info.plist;
				LD_RUNPATH_SEARCH_PATHS = "$(inherited) @executable_path/Frameworks";
				PRODUCT_BUNDLE_IDENTIFIER = com.zefender.BeerBox;
				PRODUCT_NAME = "$(TARGET_NAME)";
			};
			name = Release;
		};
/* End XCBuildConfiguration section */

/* Begin XCConfigurationList section */
		D0051F621C70DF2400B71705 /* Build configuration list for PBXProject "BeerBox" */ = {
			isa = XCConfigurationList;
			buildConfigurations = (
				D0051F771C70DF2400B71705 /* Debug */,
				D0051F781C70DF2400B71705 /* Release */,
			);
			defaultConfigurationIsVisible = 0;
			defaultConfigurationName = Release;
		};
		D0051F791C70DF2400B71705 /* Build configuration list for PBXNativeTarget "BeerBox" */ = {
			isa = XCConfigurationList;
			buildConfigurations = (
				D0051F7A1C70DF2400B71705 /* Debug */,
				D0051F7B1C70DF2400B71705 /* Release */,
			);
			defaultConfigurationIsVisible = 0;
		};
/* End XCConfigurationList section */
	};
	rootObject = D0051F5F1C70DF2400B71705 /* Project object */;
}
