// !$*UTF8*$!
{
	archiveVersion = 1;
	classes = {
	};
	objectVersion = 46;
	objects = {

/* Begin PBXBuildFile section */
		13F5D01531DC797E9ECA8904 /* BeerListRequest.swift in Sources */ = {isa = PBXBuildFile; fileRef = 13F5DBEB6EBE98C33044C00F /* BeerListRequest.swift */; };
		13F5D11E7284B232F15177D8 /* LaunchScreen.storyboard in Resources */ = {isa = PBXBuildFile; fileRef = 13F5D19BE59D62297BF8D784 /* LaunchScreen.storyboard */; };
		13F5D16E5BEFFAB64A5ED55E /* BreweryView.swift in Sources */ = {isa = PBXBuildFile; fileRef = 13F5D7DC3D334FE4841F2081 /* BreweryView.swift */; };
		13F5D1A0EFB2487C16BBC485 /* Brewery.swift in Sources */ = {isa = PBXBuildFile; fileRef = 13F5D1688819DA84DFC2A839 /* Brewery.swift */; };
		13F5D2B2A67F442980BFD436 /* BreweryParser.swift in Sources */ = {isa = PBXBuildFile; fileRef = 13F5D631F77935830AB389AC /* BreweryParser.swift */; };
		13F5D2B849E175AAC87B285C /* BeerParser.swift in Sources */ = {isa = PBXBuildFile; fileRef = 13F5D41826A054CF0B61812E /* BeerParser.swift */; };
		13F5D2F0623778315E8C98FA /* BeerRequest.swift in Sources */ = {isa = PBXBuildFile; fileRef = 13F5DA5376EABB0DF903DED2 /* BeerRequest.swift */; };
		13F5D4D5A6B33E64FFDFB6F4 /* CoreDataDataSource.swift in Sources */ = {isa = PBXBuildFile; fileRef = 13F5D84872F17D6808BA1060 /* CoreDataDataSource.swift */; };
		13F5D4FC72F256ACC5242109 /* Beer.swift in Sources */ = {isa = PBXBuildFile; fileRef = 13F5DC7403E2BA1BB860088A /* Beer.swift */; };
		13F5D6BFEFAE0E25557EF87F /* BeerItem.swift in Sources */ = {isa = PBXBuildFile; fileRef = 13F5D6CAB170D09B279A985B /* BeerItem.swift */; };
		13F5D73AE14F6719C120AB9C /* BeerSearchView.swift in Sources */ = {isa = PBXBuildFile; fileRef = 13F5D2621D31E2E50A01FCE0 /* BeerSearchView.swift */; };
		13F5D747C55DE18390B8AC53 /* BeerList.swift in Sources */ = {isa = PBXBuildFile; fileRef = 13F5D5CF1FB037F91603AE0B /* BeerList.swift */; };
		13F5D7F6E87DAA52F52AB2E5 /* BeerListParser.swift in Sources */ = {isa = PBXBuildFile; fileRef = 13F5DC3A0F5F23AB0FFBF45D /* BeerListParser.swift */; };
		13F5D878FDFACF3E10ACAAD9 /* ViewLayoutShortcuts.swift in Sources */ = {isa = PBXBuildFile; fileRef = 13F5DB52A5C906FF2B639CC1 /* ViewLayoutShortcuts.swift */; };
		13F5D8848DCB3EF5A000554E /* Request.swift in Sources */ = {isa = PBXBuildFile; fileRef = 13F5DE06879EA8ED72AC1CDA /* Request.swift */; };
		13F5D939809C7F24426329E2 /* APIClient.swift in Sources */ = {isa = PBXBuildFile; fileRef = 13F5D25721787166AFD83912 /* APIClient.swift */; };
		13F5D9AC1369E3C2930DD968 /* BeerView.swift in Sources */ = {isa = PBXBuildFile; fileRef = 13F5D2C0A6DADBAC97D9CE00 /* BeerView.swift */; };
		13F5D9B0B4388D143B2E661A /* BeerTableViewCell.swift in Sources */ = {isa = PBXBuildFile; fileRef = 13F5D5D41809E71D72CB9D7A /* BeerTableViewCell.swift */; };
		13F5DA65B972E1222C73B491 /* BreweryRequest.swift in Sources */ = {isa = PBXBuildFile; fileRef = 13F5D5F28E98123C23AEAB04 /* BreweryRequest.swift */; };
		13F5DAEEA19DF4EA83944394 /* AppDelegate.swift in Sources */ = {isa = PBXBuildFile; fileRef = 13F5D56B85F603DEA6EDEA7B /* AppDelegate.swift */; };
		13F5DB0711A74920C9DE4EE9 /* DataManager.swift in Sources */ = {isa = PBXBuildFile; fileRef = 13F5D58C6853F1CC89CC1DC3 /* DataManager.swift */; };
		13F5DB263996B464D3ACFFCD /* BeerCollectionViewCell.swift in Sources */ = {isa = PBXBuildFile; fileRef = 13F5D8AC379001EF861C485E /* BeerCollectionViewCell.swift */; };
		13F5DB5A27D37758256FB596 /* ImageDataManager.swift in Sources */ = {isa = PBXBuildFile; fileRef = 13F5DCADCB2A2756D3159861 /* ImageDataManager.swift */; };
		13F5DB7A8BF453DD4B58650D /* Assets.xcassets in Resources */ = {isa = PBXBuildFile; fileRef = 13F5DECE5EA68843F9AF5234 /* Assets.xcassets */; };
		13F5DB9ED3CEFA4D8B5702AD /* CGRectLayoutExtension.swift in Sources */ = {isa = PBXBuildFile; fileRef = 13F5D52A24AA1E43DA984B83 /* CGRectLayoutExtension.swift */; };
		13F5DBE7220DBBA2AE71D1BC /* Beer+CoreDataProperties.swift in Sources */ = {isa = PBXBuildFile; fileRef = 13F5D673B019982F5C9109D6 /* Beer+CoreDataProperties.swift */; };
		13F5DBFB6B2AF4F63136F67B /* BeerViewController.swift in Sources */ = {isa = PBXBuildFile; fileRef = 13F5DFA2803FC9934F89D8B5 /* BeerViewController.swift */; };
		13F5DCA4F9D00BA6BC58F5EE /* BreweryViewController.swift in Sources */ = {isa = PBXBuildFile; fileRef = 13F5D2156A007235760B2F50 /* BreweryViewController.swift */; };
		13F5DCB565DC4FA4D7C7997F /* BreweryItem.swift in Sources */ = {isa = PBXBuildFile; fileRef = 13F5D4BB554869A3F80702AB /* BreweryItem.swift */; };
		13F5DCCE02602DE5EAC9BCA4 /* Brewery+CoreDataProperties.swift in Sources */ = {isa = PBXBuildFile; fileRef = 13F5D24200983F6197DD56AD /* Brewery+CoreDataProperties.swift */; };
		13F5DD4B0E7F908A959FB249 /* SearchView.swift in Sources */ = {isa = PBXBuildFile; fileRef = 13F5DFC70985388788CD070A /* SearchView.swift */; };
		13F5DD8882D17DCB879C14E3 /* Error.swift in Sources */ = {isa = PBXBuildFile; fileRef = 13F5D5BD5A9772259B2C2C87 /* Error.swift */; };
		13F5DDDA00B48F73CAC4C6C8 /* beers.json in Resources */ = {isa = PBXBuildFile; fileRef = 13F5DA78C3B9AA7CD8624A6B /* beers.json */; };
		13F5DE17A2707BA70AA1D821 /* Parser.swift in Sources */ = {isa = PBXBuildFile; fileRef = 13F5DCE8C2737A77A4900E0A /* Parser.swift */; };
		13F5DE1E4403C1BF33029AD7 /* StashViewController.swift in Sources */ = {isa = PBXBuildFile; fileRef = 13F5D12ADA74027190A32D3B /* StashViewController.swift */; };
		13F5DE7286FC2FEE9D03922C /* BeerStashView.swift in Sources */ = {isa = PBXBuildFile; fileRef = 13F5D5E48E21211B53DF8ABB /* BeerStashView.swift */; };
		13F5DF216E128269AC2CF920 /* ViewController.swift in Sources */ = {isa = PBXBuildFile; fileRef = 13F5D8378913864FE25B5FB0 /* ViewController.swift */; };
		13F5DF75FA7D1C68A214E02D /* SearchViewController.swift in Sources */ = {isa = PBXBuildFile; fileRef = 13F5D6206AC9CD964028A354 /* SearchViewController.swift */; };
		D0051F7E1C70EA8600B71705 /* BeerBoxDataModel.xcdatamodeld in Sources */ = {isa = PBXBuildFile; fileRef = D0051F7C1C70EA8600B71705 /* BeerBoxDataModel.xcdatamodeld */; };
/* End PBXBuildFile section */

/* Begin PBXFileReference section */
		13F5D12ADA74027190A32D3B /* StashViewController.swift */ = {isa = PBXFileReference; fileEncoding = 4; lastKnownFileType = sourcecode.swift; path = StashViewController.swift; sourceTree = "<group>"; };
		13F5D1688819DA84DFC2A839 /* Brewery.swift */ = {isa = PBXFileReference; fileEncoding = 4; lastKnownFileType = sourcecode.swift; path = Brewery.swift; sourceTree = "<group>"; };
		13F5D2156A007235760B2F50 /* BreweryViewController.swift */ = {isa = PBXFileReference; fileEncoding = 4; lastKnownFileType = sourcecode.swift; path = BreweryViewController.swift; sourceTree = "<group>"; };
		13F5D24200983F6197DD56AD /* Brewery+CoreDataProperties.swift */ = {isa = PBXFileReference; fileEncoding = 4; lastKnownFileType = sourcecode.swift; path = "Brewery+CoreDataProperties.swift"; sourceTree = "<group>"; };
		13F5D25721787166AFD83912 /* APIClient.swift */ = {isa = PBXFileReference; fileEncoding = 4; lastKnownFileType = sourcecode.swift; path = APIClient.swift; sourceTree = "<group>"; };
		13F5D2621D31E2E50A01FCE0 /* BeerSearchView.swift */ = {isa = PBXFileReference; fileEncoding = 4; lastKnownFileType = sourcecode.swift; path = BeerSearchView.swift; sourceTree = "<group>"; };
		13F5D2C0A6DADBAC97D9CE00 /* BeerView.swift */ = {isa = PBXFileReference; fileEncoding = 4; lastKnownFileType = sourcecode.swift; path = BeerView.swift; sourceTree = "<group>"; };
		13F5D41826A054CF0B61812E /* BeerParser.swift */ = {isa = PBXFileReference; fileEncoding = 4; lastKnownFileType = sourcecode.swift; path = BeerParser.swift; sourceTree = "<group>"; };
		13F5D4BB554869A3F80702AB /* BreweryItem.swift */ = {isa = PBXFileReference; fileEncoding = 4; lastKnownFileType = sourcecode.swift; path = BreweryItem.swift; sourceTree = "<group>"; };
		13F5D52A24AA1E43DA984B83 /* CGRectLayoutExtension.swift */ = {isa = PBXFileReference; fileEncoding = 4; lastKnownFileType = sourcecode.swift; path = CGRectLayoutExtension.swift; sourceTree = "<group>"; };
		13F5D56B85F603DEA6EDEA7B /* AppDelegate.swift */ = {isa = PBXFileReference; fileEncoding = 4; lastKnownFileType = sourcecode.swift; path = AppDelegate.swift; sourceTree = "<group>"; };
		13F5D58C6853F1CC89CC1DC3 /* DataManager.swift */ = {isa = PBXFileReference; fileEncoding = 4; lastKnownFileType = sourcecode.swift; path = DataManager.swift; sourceTree = "<group>"; };
		13F5D5BD5A9772259B2C2C87 /* Error.swift */ = {isa = PBXFileReference; fileEncoding = 4; lastKnownFileType = sourcecode.swift; path = Error.swift; sourceTree = "<group>"; };
		13F5D5CF1FB037F91603AE0B /* BeerList.swift */ = {isa = PBXFileReference; fileEncoding = 4; lastKnownFileType = sourcecode.swift; path = BeerList.swift; sourceTree = "<group>"; };
		13F5D5D41809E71D72CB9D7A /* BeerTableViewCell.swift */ = {isa = PBXFileReference; fileEncoding = 4; lastKnownFileType = sourcecode.swift; path = BeerTableViewCell.swift; sourceTree = "<group>"; };
		13F5D5E48E21211B53DF8ABB /* BeerStashView.swift */ = {isa = PBXFileReference; fileEncoding = 4; lastKnownFileType = sourcecode.swift; path = BeerStashView.swift; sourceTree = "<group>"; };
		13F5D5F28E98123C23AEAB04 /* BreweryRequest.swift */ = {isa = PBXFileReference; fileEncoding = 4; lastKnownFileType = sourcecode.swift; path = BreweryRequest.swift; sourceTree = "<group>"; };
		13F5D6206AC9CD964028A354 /* SearchViewController.swift */ = {isa = PBXFileReference; fileEncoding = 4; lastKnownFileType = sourcecode.swift; path = SearchViewController.swift; sourceTree = "<group>"; };
		13F5D631F77935830AB389AC /* BreweryParser.swift */ = {isa = PBXFileReference; fileEncoding = 4; lastKnownFileType = sourcecode.swift; path = BreweryParser.swift; sourceTree = "<group>"; };
		13F5D673B019982F5C9109D6 /* Beer+CoreDataProperties.swift */ = {isa = PBXFileReference; fileEncoding = 4; lastKnownFileType = sourcecode.swift; path = "Beer+CoreDataProperties.swift"; sourceTree = "<group>"; };
		13F5D6CAB170D09B279A985B /* BeerItem.swift */ = {isa = PBXFileReference; fileEncoding = 4; lastKnownFileType = sourcecode.swift; path = BeerItem.swift; sourceTree = "<group>"; };
		13F5D7DC3D334FE4841F2081 /* BreweryView.swift */ = {isa = PBXFileReference; fileEncoding = 4; lastKnownFileType = sourcecode.swift; path = BreweryView.swift; sourceTree = "<group>"; };
		13F5D8378913864FE25B5FB0 /* ViewController.swift */ = {isa = PBXFileReference; fileEncoding = 4; lastKnownFileType = sourcecode.swift; path = ViewController.swift; sourceTree = "<group>"; };
		13F5D84872F17D6808BA1060 /* CoreDataDataSource.swift */ = {isa = PBXFileReference; fileEncoding = 4; lastKnownFileType = sourcecode.swift; path = CoreDataDataSource.swift; sourceTree = "<group>"; };
		13F5D8AC379001EF861C485E /* BeerCollectionViewCell.swift */ = {isa = PBXFileReference; fileEncoding = 4; lastKnownFileType = sourcecode.swift; path = BeerCollectionViewCell.swift; sourceTree = "<group>"; };
		13F5D9181DCF1AE0C9F939B4 /* Info.plist */ = {isa = PBXFileReference; fileEncoding = 4; lastKnownFileType = text.plist.info; path = Info.plist; sourceTree = "<group>"; };
		13F5DA5376EABB0DF903DED2 /* BeerRequest.swift */ = {isa = PBXFileReference; fileEncoding = 4; lastKnownFileType = sourcecode.swift; path = BeerRequest.swift; sourceTree = "<group>"; };
		13F5DA78C3B9AA7CD8624A6B /* beers.json */ = {isa = PBXFileReference; lastKnownFileType = text.json; path = beers.json; sourceTree = "<group>"; };
		13F5DB52A5C906FF2B639CC1 /* ViewLayoutShortcuts.swift */ = {isa = PBXFileReference; fileEncoding = 4; lastKnownFileType = sourcecode.swift; path = ViewLayoutShortcuts.swift; sourceTree = "<group>"; };
		13F5DBEB6EBE98C33044C00F /* BeerListRequest.swift */ = {isa = PBXFileReference; fileEncoding = 4; lastKnownFileType = sourcecode.swift; path = BeerListRequest.swift; sourceTree = "<group>"; };
		13F5DC3A0F5F23AB0FFBF45D /* BeerListParser.swift */ = {isa = PBXFileReference; fileEncoding = 4; lastKnownFileType = sourcecode.swift; path = BeerListParser.swift; sourceTree = "<group>"; };
		13F5DC7403E2BA1BB860088A /* Beer.swift */ = {isa = PBXFileReference; fileEncoding = 4; lastKnownFileType = sourcecode.swift; path = Beer.swift; sourceTree = "<group>"; };
		13F5DCADCB2A2756D3159861 /* ImageDataManager.swift */ = {isa = PBXFileReference; fileEncoding = 4; lastKnownFileType = sourcecode.swift; path = ImageDataManager.swift; sourceTree = "<group>"; };
		13F5DCE8C2737A77A4900E0A /* Parser.swift */ = {isa = PBXFileReference; fileEncoding = 4; lastKnownFileType = sourcecode.swift; path = Parser.swift; sourceTree = "<group>"; };
		13F5DCF74222FDF8701635CA /* Base */ = {isa = PBXFileReference; lastKnownFileType = file.storyboard; name = Base; path = BeerBox/Base.lproj/LaunchScreen.storyboard; sourceTree = SOURCE_ROOT; };
		13F5DE06879EA8ED72AC1CDA /* Request.swift */ = {isa = PBXFileReference; fileEncoding = 4; lastKnownFileType = sourcecode.swift; path = Request.swift; sourceTree = "<group>"; };
		13F5DECE5EA68843F9AF5234 /* Assets.xcassets */ = {isa = PBXFileReference; lastKnownFileType = folder.assetcatalog; path = Assets.xcassets; sourceTree = "<group>"; };
		13F5DFA2803FC9934F89D8B5 /* BeerViewController.swift */ = {isa = PBXFileReference; fileEncoding = 4; lastKnownFileType = sourcecode.swift; path = BeerViewController.swift; sourceTree = "<group>"; };
		13F5DFC70985388788CD070A /* SearchView.swift */ = {isa = PBXFileReference; fileEncoding = 4; lastKnownFileType = sourcecode.swift; path = SearchView.swift; sourceTree = "<group>"; };
		D0051F671C70DF2400B71705 /* BeerBox.app */ = {isa = PBXFileReference; explicitFileType = wrapper.application; includeInIndex = 0; path = BeerBox.app; sourceTree = BUILT_PRODUCTS_DIR; };
		D0051F7D1C70EA8600B71705 /* BeerBoxDataModel.xcdatamodel */ = {isa = PBXFileReference; lastKnownFileType = wrapper.xcdatamodel; path = BeerBoxDataModel.xcdatamodel; sourceTree = "<group>"; };
/* End PBXFileReference section */

/* Begin PBXFrameworksBuildPhase section */
		D0051F641C70DF2400B71705 /* Frameworks */ = {
			isa = PBXFrameworksBuildPhase;
			buildActionMask = 2147483647;
			files = (
			);
			runOnlyForDeploymentPostprocessing = 0;
		};
/* End PBXFrameworksBuildPhase section */

/* Begin PBXGroup section */
		13F5D0B7D2E2CAFC96149A77 /* CoreData */ = {
			isa = PBXGroup;
			children = (
				13F5D84872F17D6808BA1060 /* CoreDataDataSource.swift */,
				13F5DC7403E2BA1BB860088A /* Beer.swift */,
				13F5D24200983F6197DD56AD /* Brewery+CoreDataProperties.swift */,
				13F5D673B019982F5C9109D6 /* Beer+CoreDataProperties.swift */,
				13F5D1688819DA84DFC2A839 /* Brewery.swift */,
			);
			path = CoreData;
			sourceTree = "<group>";
		};
		13F5D0CA1FECC61BBD6C0496 /* Requests */ = {
			isa = PBXGroup;
			children = (
				13F5DE06879EA8ED72AC1CDA /* Request.swift */,
				13F5DBEB6EBE98C33044C00F /* BeerListRequest.swift */,
				13F5D5F28E98123C23AEAB04 /* BreweryRequest.swift */,
				13F5DA5376EABB0DF903DED2 /* BeerRequest.swift */,
			);
			path = Requests;
			sourceTree = "<group>";
		};
		13F5D14FB2E9B681FC25CE7A /* Model */ = {
			isa = PBXGroup;
			children = (
				13F5D157C80F373EF1BEDA44 /* Networking */,
				13F5D0B7D2E2CAFC96149A77 /* CoreData */,
				D0051F7C1C70EA8600B71705 /* BeerBoxDataModel.xcdatamodeld */,
				13F5DA78C3B9AA7CD8624A6B /* beers.json */,
				13F5DCADCB2A2756D3159861 /* ImageDataManager.swift */,
				13F5D58C6853F1CC89CC1DC3 /* DataManager.swift */,
				13F5D5BD5A9772259B2C2C87 /* Error.swift */,
				13F5D7D017E54829C873D608 /* Domain */,
			);
			path = Model;
			sourceTree = "<group>";
		};
		13F5D157C80F373EF1BEDA44 /* Networking */ = {
			isa = PBXGroup;
			children = (
				13F5DFB742045E051608037A /* Parsers */,
				13F5D3040BEADFBDAB13DD96 /* APIClient */,
				13F5D0CA1FECC61BBD6C0496 /* Requests */,
			);
			path = Networking;
			sourceTree = "<group>";
		};
		13F5D3040BEADFBDAB13DD96 /* APIClient */ = {
			isa = PBXGroup;
			children = (
				13F5D25721787166AFD83912 /* APIClient.swift */,
			);
			path = APIClient;
			sourceTree = "<group>";
		};
		13F5D5F15589824C526E8ADC /* Views */ = {
			isa = PBXGroup;
			children = (
				13F5D2621D31E2E50A01FCE0 /* BeerSearchView.swift */,
				13F5D5D41809E71D72CB9D7A /* BeerTableViewCell.swift */,
				13F5D2C0A6DADBAC97D9CE00 /* BeerView.swift */,
				13F5D5E48E21211B53DF8ABB /* BeerStashView.swift */,
				13F5D7DC3D334FE4841F2081 /* BreweryView.swift */,
				13F5D8AC379001EF861C485E /* BeerCollectionViewCell.swift */,
				13F5DFC70985388788CD070A /* SearchView.swift */,
			);
			path = Views;
			sourceTree = "<group>";
		};
		13F5D7D017E54829C873D608 /* Domain */ = {
			isa = PBXGroup;
			children = (
				13F5D6CAB170D09B279A985B /* BeerItem.swift */,
				13F5D5CF1FB037F91603AE0B /* BeerList.swift */,
				13F5D4BB554869A3F80702AB /* BreweryItem.swift */,
			);
			path = Domain;
			sourceTree = "<group>";
		};
		13F5DE5A395055E36DB70C48 /* Misc */ = {
			isa = PBXGroup;
			children = (
				13F5DECE5EA68843F9AF5234 /* Assets.xcassets */,
				13F5D56B85F603DEA6EDEA7B /* AppDelegate.swift */,
				13F5D19BE59D62297BF8D784 /* LaunchScreen.storyboard */,
				13F5D9181DCF1AE0C9F939B4 /* Info.plist */,
				13F5D52A24AA1E43DA984B83 /* CGRectLayoutExtension.swift */,
				13F5DB52A5C906FF2B639CC1 /* ViewLayoutShortcuts.swift */,
			);
			path = Misc;
			sourceTree = "<group>";
		};
		13F5DF90671E9A9304843785 /* Controllers */ = {
			isa = PBXGroup;
			children = (
				13F5D6206AC9CD964028A354 /* SearchViewController.swift */,
				13F5D12ADA74027190A32D3B /* StashViewController.swift */,
				13F5D2156A007235760B2F50 /* BreweryViewController.swift */,
				13F5DFA2803FC9934F89D8B5 /* BeerViewController.swift */,
				13F5D8378913864FE25B5FB0 /* ViewController.swift */,
			);
			path = Controllers;
			sourceTree = "<group>";
		};
		13F5DFB742045E051608037A /* Parsers */ = {
			isa = PBXGroup;
			children = (
				13F5DCE8C2737A77A4900E0A /* Parser.swift */,
				13F5DC3A0F5F23AB0FFBF45D /* BeerListParser.swift */,
				13F5D631F77935830AB389AC /* BreweryParser.swift */,
				13F5D41826A054CF0B61812E /* BeerParser.swift */,
			);
			path = Parsers;
			sourceTree = "<group>";
		};
		D0051F5E1C70DF2400B71705 = {
			isa = PBXGroup;
			children = (
				D0051F691C70DF2400B71705 /* BeerBox */,
				D0051F681C70DF2400B71705 /* Products */,
			);
			sourceTree = "<group>";
		};
		D0051F681C70DF2400B71705 /* Products */ = {
			isa = PBXGroup;
			children = (
				D0051F671C70DF2400B71705 /* BeerBox.app */,
			);
			name = Products;
			sourceTree = "<group>";
		};
		D0051F691C70DF2400B71705 /* BeerBox */ = {
			isa = PBXGroup;
			children = (
				13F5D14FB2E9B681FC25CE7A /* Model */,
				13F5DE5A395055E36DB70C48 /* Misc */,
				13F5D5F15589824C526E8ADC /* Views */,
				13F5DF90671E9A9304843785 /* Controllers */,
			);
			path = BeerBox;
			sourceTree = "<group>";
		};
/* End PBXGroup section */

/* Begin PBXNativeTarget section */
		D0051F661C70DF2400B71705 /* BeerBox */ = {
			isa = PBXNativeTarget;
			buildConfigurationList = D0051F791C70DF2400B71705 /* Build configuration list for PBXNativeTarget "BeerBox" */;
			buildPhases = (
				D0051F631C70DF2400B71705 /* Sources */,
				D0051F641C70DF2400B71705 /* Frameworks */,
				D0051F651C70DF2400B71705 /* Resources */,
			);
			buildRules = (
			);
			dependencies = (
			);
			name = BeerBox;
			productName = BeerBox;
			productReference = D0051F671C70DF2400B71705 /* BeerBox.app */;
			productType = "com.apple.product-type.application";
		};
/* End PBXNativeTarget section */

/* Begin PBXProject section */
		D0051F5F1C70DF2400B71705 /* Project object */ = {
			isa = PBXProject;
			attributes = {
				LastSwiftUpdateCheck = 0720;
				LastUpgradeCheck = 0720;
				ORGANIZATIONNAME = zefender;
				TargetAttributes = {
					D0051F661C70DF2400B71705 = {
						CreatedOnToolsVersion = 7.2;
					};
				};
			};
			buildConfigurationList = D0051F621C70DF2400B71705 /* Build configuration list for PBXProject "BeerBox" */;
			compatibilityVersion = "Xcode 3.2";
			developmentRegion = English;
			hasScannedForEncodings = 0;
			knownRegions = (
				en,
				Base,
			);
			mainGroup = D0051F5E1C70DF2400B71705;
			productRefGroup = D0051F681C70DF2400B71705 /* Products */;
			projectDirPath = "";
			projectRoot = "";
			targets = (
				D0051F661C70DF2400B71705 /* BeerBox */,
			);
		};
/* End PBXProject section */

/* Begin PBXResourcesBuildPhase section */
		D0051F651C70DF2400B71705 /* Resources */ = {
			isa = PBXResourcesBuildPhase;
			buildActionMask = 2147483647;
			files = (
				13F5DB7A8BF453DD4B58650D /* Assets.xcassets in Resources */,
				13F5D11E7284B232F15177D8 /* LaunchScreen.storyboard in Resources */,
				13F5DDDA00B48F73CAC4C6C8 /* beers.json in Resources */,
			);
			runOnlyForDeploymentPostprocessing = 0;
		};
/* End PBXResourcesBuildPhase section */

/* Begin PBXSourcesBuildPhase section */
		D0051F631C70DF2400B71705 /* Sources */ = {
			isa = PBXSourcesBuildPhase;
			buildActionMask = 2147483647;
			files = (
				13F5DAEEA19DF4EA83944394 /* AppDelegate.swift in Sources */,
				13F5DF75FA7D1C68A214E02D /* SearchViewController.swift in Sources */,
				D0051F7E1C70EA8600B71705 /* BeerBoxDataModel.xcdatamodeld in Sources */,
				13F5DE1E4403C1BF33029AD7 /* StashViewController.swift in Sources */,
				13F5D4D5A6B33E64FFDFB6F4 /* CoreDataDataSource.swift in Sources */,
				13F5DE17A2707BA70AA1D821 /* Parser.swift in Sources */,
				13F5D8848DCB3EF5A000554E /* Request.swift in Sources */,
				13F5DCA4F9D00BA6BC58F5EE /* BreweryViewController.swift in Sources */,
				13F5D73AE14F6719C120AB9C /* BeerSearchView.swift in Sources */,
				13F5DB9ED3CEFA4D8B5702AD /* CGRectLayoutExtension.swift in Sources */,
				13F5D878FDFACF3E10ACAAD9 /* ViewLayoutShortcuts.swift in Sources */,
				13F5D9B0B4388D143B2E661A /* BeerTableViewCell.swift in Sources */,
				13F5D7F6E87DAA52F52AB2E5 /* BeerListParser.swift in Sources */,
				13F5D939809C7F24426329E2 /* APIClient.swift in Sources */,
				13F5DBFB6B2AF4F63136F67B /* BeerViewController.swift in Sources */,
				13F5D9AC1369E3C2930DD968 /* BeerView.swift in Sources */,
				13F5DE7286FC2FEE9D03922C /* BeerStashView.swift in Sources */,
				13F5D16E5BEFFAB64A5ED55E /* BreweryView.swift in Sources */,
				13F5DB263996B464D3ACFFCD /* BeerCollectionViewCell.swift in Sources */,
				13F5D01531DC797E9ECA8904 /* BeerListRequest.swift in Sources */,
				13F5DB5A27D37758256FB596 /* ImageDataManager.swift in Sources */,
				13F5DB0711A74920C9DE4EE9 /* DataManager.swift in Sources */,
				13F5DD8882D17DCB879C14E3 /* Error.swift in Sources */,
				13F5DF216E128269AC2CF920 /* ViewController.swift in Sources */,
				13F5D4FC72F256ACC5242109 /* Beer.swift in Sources */,
				13F5DCCE02602DE5EAC9BCA4 /* Brewery+CoreDataProperties.swift in Sources */,
				13F5DBE7220DBBA2AE71D1BC /* Beer+CoreDataProperties.swift in Sources */,
				13F5D1A0EFB2487C16BBC485 /* Brewery.swift in Sources */,
				13F5D6BFEFAE0E25557EF87F /* BeerItem.swift in Sources */,
				13F5D747C55DE18390B8AC53 /* BeerList.swift in Sources */,
				13F5DCB565DC4FA4D7C7997F /* BreweryItem.swift in Sources */,
				13F5DD4B0E7F908A959FB249 /* SearchView.swift in Sources */,
				13F5DA65B972E1222C73B491 /* BreweryRequest.swift in Sources */,
				13F5D2F0623778315E8C98FA /* BeerRequest.swift in Sources */,
				13F5D2B2A67F442980BFD436 /* BreweryParser.swift in Sources */,
				13F5D2B849E175AAC87B285C /* BeerParser.swift in Sources */,
			);
			runOnlyForDeploymentPostprocessing = 0;
		};
/* End PBXSourcesBuildPhase section */

/* Begin PBXVariantGroup section */
		13F5D19BE59D62297BF8D784 /* LaunchScreen.storyboard */ = {
			isa = PBXVariantGroup;
			children = (
				13F5DCF74222FDF8701635CA /* Base */,
			);
			name = LaunchScreen.storyboard;
			sourceTree = "<group>";
		};
/* End PBXVariantGroup section */

/* Begin XCBuildConfiguration section */
		D0051F771C70DF2400B71705 /* Debug */ = {
			isa = XCBuildConfiguration;
			buildSettings = {
				ALWAYS_SEARCH_USER_PATHS = NO;
				CLANG_CXX_LANGUAGE_STANDARD = "gnu++0x";
				CLANG_CXX_LIBRARY = "libc++";
				CLANG_ENABLE_MODULES = YES;
				CLANG_ENABLE_OBJC_ARC = YES;
				CLANG_WARN_BOOL_CONVERSION = YES;
				CLANG_WARN_CONSTANT_CONVERSION = YES;
				CLANG_WARN_DIRECT_OBJC_ISA_USAGE = YES_ERROR;
				CLANG_WARN_EMPTY_BODY = YES;
				CLANG_WARN_ENUM_CONVERSION = YES;
				CLANG_WARN_INT_CONVERSION = YES;
				CLANG_WARN_OBJC_ROOT_CLASS = YES_ERROR;
				CLANG_WARN_UNREACHABLE_CODE = YES;
				CLANG_WARN__DUPLICATE_METHOD_MATCH = YES;
				"CODE_SIGN_IDENTITY[sdk=iphoneos*]" = "iPhone Developer";
				COPY_PHASE_STRIP = NO;
				DEBUG_INFORMATION_FORMAT = dwarf;
				ENABLE_STRICT_OBJC_MSGSEND = YES;
				ENABLE_TESTABILITY = YES;
				GCC_C_LANGUAGE_STANDARD = gnu99;
				GCC_DYNAMIC_NO_PIC = NO;
				GCC_NO_COMMON_BLOCKS = YES;
				GCC_OPTIMIZATION_LEVEL = 0;
				GCC_PREPROCESSOR_DEFINITIONS = (
					"DEBUG=1",
					"$(inherited)",
				);
				GCC_WARN_64_TO_32_BIT_CONVERSION = YES;
				GCC_WARN_ABOUT_RETURN_TYPE = YES_ERROR;
				GCC_WARN_UNDECLARED_SELECTOR = YES;
				GCC_WARN_UNINITIALIZED_AUTOS = YES_AGGRESSIVE;
				GCC_WARN_UNUSED_FUNCTION = YES;
				GCC_WARN_UNUSED_VARIABLE = YES;
				IPHONEOS_DEPLOYMENT_TARGET = 9.2;
				MTL_ENABLE_DEBUG_INFO = YES;
				ONLY_ACTIVE_ARCH = YES;
				SDKROOT = iphoneos;
				SWIFT_OPTIMIZATION_LEVEL = "-Onone";
			};
			name = Debug;
		};
		D0051F781C70DF2400B71705 /* Release */ = {
			isa = XCBuildConfiguration;
			buildSettings = {
				ALWAYS_SEARCH_USER_PATHS = NO;
				CLANG_CXX_LANGUAGE_STANDARD = "gnu++0x";
				CLANG_CXX_LIBRARY = "libc++";
				CLANG_ENABLE_MODULES = YES;
				CLANG_ENABLE_OBJC_ARC = YES;
				CLANG_WARN_BOOL_CONVERSION = YES;
				CLANG_WARN_CONSTANT_CONVERSION = YES;
				CLANG_WARN_DIRECT_OBJC_ISA_USAGE = YES_ERROR;
				CLANG_WARN_EMPTY_BODY = YES;
				CLANG_WARN_ENUM_CONVERSION = YES;
				CLANG_WARN_INT_CONVERSION = YES;
				CLANG_WARN_OBJC_ROOT_CLASS = YES_ERROR;
				CLANG_WARN_UNREACHABLE_CODE = YES;
				CLANG_WARN__DUPLICATE_METHOD_MATCH = YES;
				"CODE_SIGN_IDENTITY[sdk=iphoneos*]" = "iPhone Developer";
				COPY_PHASE_STRIP = NO;
				DEBUG_INFORMATION_FORMAT = "dwarf-with-dsym";
				ENABLE_NS_ASSERTIONS = NO;
				ENABLE_STRICT_OBJC_MSGSEND = YES;
				GCC_C_LANGUAGE_STANDARD = gnu99;
				GCC_NO_COMMON_BLOCKS = YES;
				GCC_WARN_64_TO_32_BIT_CONVERSION = YES;
				GCC_WARN_ABOUT_RETURN_TYPE = YES_ERROR;
				GCC_WARN_UNDECLARED_SELECTOR = YES;
				GCC_WARN_UNINITIALIZED_AUTOS = YES_AGGRESSIVE;
				GCC_WARN_UNUSED_FUNCTION = YES;
				GCC_WARN_UNUSED_VARIABLE = YES;
				IPHONEOS_DEPLOYMENT_TARGET = 9.2;
				MTL_ENABLE_DEBUG_INFO = NO;
				SDKROOT = iphoneos;
				VALIDATE_PRODUCT = YES;
			};
			name = Release;
		};
		D0051F7A1C70DF2400B71705 /* Debug */ = {
			isa = XCBuildConfiguration;
			buildSettings = {
				ASSETCATALOG_COMPILER_APPICON_NAME = AppIcon;
				INFOPLIST_FILE = BeerBox/Misc/Info.plist;
				LD_RUNPATH_SEARCH_PATHS = "$(inherited) @executable_path/Frameworks";
				PRODUCT_BUNDLE_IDENTIFIER = com.zefender.BeerBox;
				PRODUCT_NAME = "$(TARGET_NAME)";
			};
			name = Debug;
		};
		D0051F7B1C70DF2400B71705 /* Release */ = {
			isa = XCBuildConfiguration;
			buildSettings = {
				ASSETCATALOG_COMPILER_APPICON_NAME = AppIcon;
				INFOPLIST_FILE = BeerBox/Misc/Info.plist;
				LD_RUNPATH_SEARCH_PATHS = "$(inherited) @executable_path/Frameworks";
				PRODUCT_BUNDLE_IDENTIFIER = com.zefender.BeerBox;
				PRODUCT_NAME = "$(TARGET_NAME)";
			};
			name = Release;
		};
/* End XCBuildConfiguration section */

/* Begin XCConfigurationList section */
		D0051F621C70DF2400B71705 /* Build configuration list for PBXProject "BeerBox" */ = {
			isa = XCConfigurationList;
			buildConfigurations = (
				D0051F771C70DF2400B71705 /* Debug */,
				D0051F781C70DF2400B71705 /* Release */,
			);
			defaultConfigurationIsVisible = 0;
			defaultConfigurationName = Release;
		};
		D0051F791C70DF2400B71705 /* Build configuration list for PBXNativeTarget "BeerBox" */ = {
			isa = XCConfigurationList;
			buildConfigurations = (
				D0051F7A1C70DF2400B71705 /* Debug */,
				D0051F7B1C70DF2400B71705 /* Release */,
			);
			defaultConfigurationIsVisible = 0;
			defaultConfigurationName = Release;
		};
/* End XCConfigurationList section */

/* Begin XCVersionGroup section */
		D0051F7C1C70EA8600B71705 /* BeerBoxDataModel.xcdatamodeld */ = {
			isa = XCVersionGroup;
			children = (
				D0051F7D1C70EA8600B71705 /* BeerBoxDataModel.xcdatamodel */,
			);
			currentVersion = D0051F7D1C70EA8600B71705 /* BeerBoxDataModel.xcdatamodel */;
			path = BeerBoxDataModel.xcdatamodeld;
			sourceTree = "<group>";
			versionGroupType = wrapper.xcdatamodel;
		};
/* End XCVersionGroup section */
	};
	rootObject = D0051F5F1C70DF2400B71705 /* Project object */;
}
